
Microsoft Visual Studio Solution File, Format Version 12.00
# Visual Studio 15
VisualStudioVersion = 15.0.27130.2020
MinimumVisualStudioVersion = 10.0.40219.1
Project("{FAE04EC0-301F-11D3-BF4B-00C04F79EFBC}") = "Posielanie_na_server", "Posielanie_na_server\Posielanie_na_server.csproj", "{6A9A0FE4-B258-4000-A905-F492657FDE79}"
EndProject
Global
	GlobalSection(SolutionConfigurationPlatforms) = preSolution
		Debug|Any CPU = Debug|Any CPU
		Release|Any CPU = Release|Any CPU
	EndGlobalSection
	GlobalSection(ProjectConfigurationPlatforms) = postSolution
		{6A9A0FE4-B258-4000-A905-F492657FDE79}.Debug|Any CPU.ActiveCfg = Debug|Any CPU
		{6A9A0FE4-B258-4000-A905-F492657FDE79}.Debug|Any CPU.Build.0 = Debug|Any CPU
		{6A9A0FE4-B258-4000-A905-F492657FDE79}.Release|Any CPU.ActiveCfg = Release|Any CPU
		{6A9A0FE4-B258-4000-A905-F492657FDE79}.Release|Any CPU.Build.0 = Release|Any CPU
	EndGlobalSection
	GlobalSection(SolutionProperties) = preSolution
		HideSolutionNode = FALSE
	EndGlobalSection
	GlobalSection(ExtensibilityGlobals) = postSolution
		SolutionGuid = {B377F3CB-C21D-4534-82AE-EA8577A8A299}
	EndGlobalSection
EndGlobal
